
Microsoft Visual Studio Solution File, Format Version 12.00
# Visual Studio Version 17
VisualStudioVersion = 17.6.33815.320
MinimumVisualStudioVersion = 10.0.40219.1
Project("{FAE04EC0-301F-11D3-BF4B-00C04F79EFBC}") = "WebAPI-Server", "WebAPI-Server\WebAPI-Server.csproj", "{C7AA4A32-C5C8-4A42-9D37-1C9E015259E5}"
EndProject
Global
	GlobalSection(SolutionConfigurationPlatforms) = preSolution
		Debug|Any CPU = Debug|Any CPU
		Release|Any CPU = Release|Any CPU
	EndGlobalSection
	GlobalSection(ProjectConfigurationPlatforms) = postSolution
		{C7AA4A32-C5C8-4A42-9D37-1C9E015259E5}.Debug|Any CPU.ActiveCfg = Debug|Any CPU
		{C7AA4A32-C5C8-4A42-9D37-1C9E015259E5}.Debug|Any CPU.Build.0 = Debug|Any CPU
		{C7AA4A32-C5C8-4A42-9D37-1C9E015259E5}.Release|Any CPU.ActiveCfg = Release|Any CPU
		{C7AA4A32-C5C8-4A42-9D37-1C9E015259E5}.Release|Any CPU.Build.0 = Release|Any CPU
	EndGlobalSection
	GlobalSection(SolutionProperties) = preSolution
		HideSolutionNode = FALSE
	EndGlobalSection
	GlobalSection(ExtensibilityGlobals) = postSolution
		SolutionGuid = {51AC942E-EB8F-471B-A75F-FCF7CA9EE73A}
	EndGlobalSection
EndGlobal
